
Microsoft Visual Studio Solution File, Format Version 12.00
# Visual Studio Version 16
VisualStudioVersion = 16.0.30114.105
MinimumVisualStudioVersion = 10.0.40219.1
Project("{FAE04EC0-301F-11D3-BF4B-00C04F79EFBC}") = "LibArchive.Net", "LibArchive.Net\LibArchive.Net.csproj", "{9D915DEF-CBB2-487D-A721-996385126018}"
EndProject
Project("{FAE04EC0-301F-11D3-BF4B-00C04F79EFBC}") = "Test.LibArchive.Net", "Test.LibArchive.Net\Test.LibArchive.Net.csproj", "{F28CFB8B-E308-4B43-91AB-BFFEF48F03BB}"
EndProject
Global
	GlobalSection(SolutionConfigurationPlatforms) = preSolution
		Debug|Any CPU = Debug|Any CPU
		Release|Any CPU = Release|Any CPU
	EndGlobalSection
	GlobalSection(SolutionProperties) = preSolution
		HideSolutionNode = FALSE
	EndGlobalSection
	GlobalSection(ProjectConfigurationPlatforms) = postSolution
		{9D915DEF-CBB2-487D-A721-996385126018}.Debug|Any CPU.ActiveCfg = Debug|Any CPU
		{9D915DEF-CBB2-487D-A721-996385126018}.Debug|Any CPU.Build.0 = Debug|Any CPU
		{9D915DEF-CBB2-487D-A721-996385126018}.Release|Any CPU.ActiveCfg = Release|Any CPU
		{9D915DEF-CBB2-487D-A721-996385126018}.Release|Any CPU.Build.0 = Release|Any CPU
		{F28CFB8B-E308-4B43-91AB-BFFEF48F03BB}.Debug|Any CPU.ActiveCfg = Debug|Any CPU
		{F28CFB8B-E308-4B43-91AB-BFFEF48F03BB}.Debug|Any CPU.Build.0 = Debug|Any CPU
		{F28CFB8B-E308-4B43-91AB-BFFEF48F03BB}.Release|Any CPU.ActiveCfg = Release|Any CPU
		{F28CFB8B-E308-4B43-91AB-BFFEF48F03BB}.Release|Any CPU.Build.0 = Release|Any CPU
	EndGlobalSection
EndGlobal
